// !$*UTF8*$!
{
	archiveVersion = 1;
	classes = {
	};
	objectVersion = 46;
	objects = {

/* Begin PBXBuildFile section */
		C01677D918C11AE900C2E191 /* Foundation.framework in Frameworks */ = {isa = PBXBuildFile; fileRef = C01677D818C11AE900C2E191 /* Foundation.framework */; };
		C01677DB18C11AE900C2E191 /* CoreGraphics.framework in Frameworks */ = {isa = PBXBuildFile; fileRef = C01677DA18C11AE900C2E191 /* CoreGraphics.framework */; };
		C01677DD18C11AE900C2E191 /* UIKit.framework in Frameworks */ = {isa = PBXBuildFile; fileRef = C01677DC18C11AE900C2E191 /* UIKit.framework */; };
		C01677E318C11AE900C2E191 /* InfoPlist.strings in Resources */ = {isa = PBXBuildFile; fileRef = C01677E118C11AE900C2E191 /* InfoPlist.strings */; };
		C01677E518C11AE900C2E191 /* main.m in Sources */ = {isa = PBXBuildFile; fileRef = C01677E418C11AE900C2E191 /* main.m */; };
		C01677E918C11AE900C2E191 /* AppDelegate.m in Sources */ = {isa = PBXBuildFile; fileRef = C01677E818C11AE900C2E191 /* AppDelegate.m */; };
		C01677EC18C11AE900C2E191 /* Main.storyboard in Resources */ = {isa = PBXBuildFile; fileRef = C01677EA18C11AE900C2E191 /* Main.storyboard */; };
		C01677EF18C11AE900C2E191 /* ViewController.m in Sources */ = {isa = PBXBuildFile; fileRef = C01677EE18C11AE900C2E191 /* ViewController.m */; };
		C01677F818C11AE900C2E191 /* XCTest.framework in Frameworks */ = {isa = PBXBuildFile; fileRef = C01677F718C11AE900C2E191 /* XCTest.framework */; };
		C01677F918C11AE900C2E191 /* Foundation.framework in Frameworks */ = {isa = PBXBuildFile; fileRef = C01677D818C11AE900C2E191 /* Foundation.framework */; };
		C01677FA18C11AE900C2E191 /* UIKit.framework in Frameworks */ = {isa = PBXBuildFile; fileRef = C01677DC18C11AE900C2E191 /* UIKit.framework */; };
		C016780218C11AE900C2E191 /* InfoPlist.strings in Resources */ = {isa = PBXBuildFile; fileRef = C016780018C11AE900C2E191 /* InfoPlist.strings */; };
		C016780418C11AE900C2E191 /* Test1bTests.m in Sources */ = {isa = PBXBuildFile; fileRef = C016780318C11AE900C2E191 /* Test1bTests.m */; };
		C016781818C11D0200C2E191 /* Card.m in Sources */ = {isa = PBXBuildFile; fileRef = C016781118C11D0200C2E191 /* Card.m */; };
		C016781918C11D0200C2E191 /* Deck.m in Sources */ = {isa = PBXBuildFile; fileRef = C016781318C11D0200C2E191 /* Deck.m */; };
		C016781A18C11D0200C2E191 /* PlayingCard.m in Sources */ = {isa = PBXBuildFile; fileRef = C016781518C11D0200C2E191 /* PlayingCard.m */; };
		C016781B18C11D0200C2E191 /* PlayingCardDeck.m in Sources */ = {isa = PBXBuildFile; fileRef = C016781718C11D0200C2E191 /* PlayingCardDeck.m */; };
		C016781D18C135A000C2E191 /* morback.png in Resources */ = {isa = PBXBuildFile; fileRef = C016781C18C1359F00C2E191 /* morback.png */; };
		C016781F18C13C5A00C2E191 /* backGround.png in Resources */ = {isa = PBXBuildFile; fileRef = C016781E18C13C5A00C2E191 /* backGround.png */; };
		C016782218C13CA200C2E191 /* CardMatchingGame.m in Sources */ = {isa = PBXBuildFile; fileRef = C016782118C13CA200C2E191 /* CardMatchingGame.m */; };
		C0996E0318EC98C900DB1EF8 /* Images.xcassets in Resources */ = {isa = PBXBuildFile; fileRef = C0996E0218EC98C900DB1EF8 /* Images.xcassets */; };
		C0CBD6C818FF10F7007300CB /* QuartzCore.framework in Frameworks */ = {isa = PBXBuildFile; fileRef = C0CBD6C718FF10F7007300CB /* QuartzCore.framework */; };
/* End PBXBuildFile section */

/* Begin PBXContainerItemProxy section */
		C01677FB18C11AE900C2E191 /* PBXContainerItemProxy */ = {
			isa = PBXContainerItemProxy;
			containerPortal = C01677CD18C11AE900C2E191 /* Project object */;
			proxyType = 1;
			remoteGlobalIDString = C01677D418C11AE900C2E191;
			remoteInfo = Test1b;
		};
/* End PBXContainerItemProxy section */

/* Begin PBXFileReference section */
		C01677D518C11AE900C2E191 /* Test1b.app */ = {isa = PBXFileReference; explicitFileType = wrapper.application; includeInIndex = 0; path = Test1b.app; sourceTree = BUILT_PRODUCTS_DIR; };
		C01677D818C11AE900C2E191 /* Foundation.framework */ = {isa = PBXFileReference; lastKnownFileType = wrapper.framework; name = Foundation.framework; path = System/Library/Frameworks/Foundation.framework; sourceTree = SDKROOT; };
		C01677DA18C11AE900C2E191 /* CoreGraphics.framework */ = {isa = PBXFileReference; lastKnownFileType = wrapper.framework; name = CoreGraphics.framework; path = System/Library/Frameworks/CoreGraphics.framework; sourceTree = SDKROOT; };
		C01677DC18C11AE900C2E191 /* UIKit.framework */ = {isa = PBXFileReference; lastKnownFileType = wrapper.framework; name = UIKit.framework; path = System/Library/Frameworks/UIKit.framework; sourceTree = SDKROOT; };
		C01677E018C11AE900C2E191 /* Test1b-Info.plist */ = {isa = PBXFileReference; lastKnownFileType = text.plist.xml; path = "Test1b-Info.plist"; sourceTree = "<group>"; };
		C01677E218C11AE900C2E191 /* en */ = {isa = PBXFileReference; lastKnownFileType = text.plist.strings; name = en; path = en.lproj/InfoPlist.strings; sourceTree = "<group>"; };
		C01677E418C11AE900C2E191 /* main.m */ = {isa = PBXFileReference; lastKnownFileType = sourcecode.c.objc; path = main.m; sourceTree = "<group>"; };
		C01677E618C11AE900C2E191 /* Test1b-Prefix.pch */ = {isa = PBXFileReference; lastKnownFileType = sourcecode.c.h; path = "Test1b-Prefix.pch"; sourceTree = "<group>"; };
		C01677E718C11AE900C2E191 /* AppDelegate.h */ = {isa = PBXFileReference; lastKnownFileType = sourcecode.c.h; path = AppDelegate.h; sourceTree = "<group>"; };
		C01677E818C11AE900C2E191 /* AppDelegate.m */ = {isa = PBXFileReference; lastKnownFileType = sourcecode.c.objc; path = AppDelegate.m; sourceTree = "<group>"; };
		C01677EB18C11AE900C2E191 /* Base */ = {isa = PBXFileReference; lastKnownFileType = file.storyboard; name = Base; path = Base.lproj/Main.storyboard; sourceTree = "<group>"; };
		C01677ED18C11AE900C2E191 /* ViewController.h */ = {isa = PBXFileReference; lastKnownFileType = sourcecode.c.h; path = ViewController.h; sourceTree = "<group>"; };
		C01677EE18C11AE900C2E191 /* ViewController.m */ = {isa = PBXFileReference; lastKnownFileType = sourcecode.c.objc; path = ViewController.m; sourceTree = "<group>"; };
		C01677F618C11AE900C2E191 /* Test1bTests.xctest */ = {isa = PBXFileReference; explicitFileType = wrapper.cfbundle; includeInIndex = 0; path = Test1bTests.xctest; sourceTree = BUILT_PRODUCTS_DIR; };
		C01677F718C11AE900C2E191 /* XCTest.framework */ = {isa = PBXFileReference; lastKnownFileType = wrapper.framework; name = XCTest.framework; path = Library/Frameworks/XCTest.framework; sourceTree = DEVELOPER_DIR; };
		C01677FF18C11AE900C2E191 /* Test1bTests-Info.plist */ = {isa = PBXFileReference; lastKnownFileType = text.plist.xml; path = "Test1bTests-Info.plist"; sourceTree = "<group>"; };
		C016780118C11AE900C2E191 /* en */ = {isa = PBXFileReference; lastKnownFileType = text.plist.strings; name = en; path = en.lproj/InfoPlist.strings; sourceTree = "<group>"; };
		C016780318C11AE900C2E191 /* Test1bTests.m */ = {isa = PBXFileReference; lastKnownFileType = sourcecode.c.objc; path = Test1bTests.m; sourceTree = "<group>"; };
		C016781018C11D0200C2E191 /* Card.h */ = {isa = PBXFileReference; fileEncoding = 4; lastKnownFileType = sourcecode.c.h; path = Card.h; sourceTree = "<group>"; };
		C016781118C11D0200C2E191 /* Card.m */ = {isa = PBXFileReference; fileEncoding = 4; lastKnownFileType = sourcecode.c.objc; path = Card.m; sourceTree = "<group>"; };
		C016781218C11D0200C2E191 /* Deck.h */ = {isa = PBXFileReference; fileEncoding = 4; lastKnownFileType = sourcecode.c.h; path = Deck.h; sourceTree = "<group>"; };
		C016781318C11D0200C2E191 /* Deck.m */ = {isa = PBXFileReference; fileEncoding = 4; lastKnownFileType = sourcecode.c.objc; path = Deck.m; sourceTree = "<group>"; };
		C016781418C11D0200C2E191 /* PlayingCard.h */ = {isa = PBXFileReference; fileEncoding = 4; lastKnownFileType = sourcecode.c.h; path = PlayingCard.h; sourceTree = "<group>"; };
		C016781518C11D0200C2E191 /* PlayingCard.m */ = {isa = PBXFileReference; fileEncoding = 4; lastKnownFileType = sourcecode.c.objc; path = PlayingCard.m; sourceTree = "<group>"; };
		C016781618C11D0200C2E191 /* PlayingCardDeck.h */ = {isa = PBXFileReference; fileEncoding = 4; lastKnownFileType = sourcecode.c.h; path = PlayingCardDeck.h; sourceTree = "<group>"; };
		C016781718C11D0200C2E191 /* PlayingCardDeck.m */ = {isa = PBXFileReference; fileEncoding = 4; lastKnownFileType = sourcecode.c.objc; path = PlayingCardDeck.m; sourceTree = "<group>"; };
		C016781C18C1359F00C2E191 /* morback.png */ = {isa = PBXFileReference; lastKnownFileType = image.png; path = morback.png; sourceTree = "<group>"; };
		C016781E18C13C5A00C2E191 /* backGround.png */ = {isa = PBXFileReference; lastKnownFileType = image.png; path = backGround.png; sourceTree = "<group>"; };
		C016782018C13CA200C2E191 /* CardMatchingGame.h */ = {isa = PBXFileReference; fileEncoding = 4; lastKnownFileType = sourcecode.c.h; path = CardMatchingGame.h; sourceTree = "<group>"; };
		C016782118C13CA200C2E191 /* CardMatchingGame.m */ = {isa = PBXFileReference; fileEncoding = 4; lastKnownFileType = sourcecode.c.objc; path = CardMatchingGame.m; sourceTree = "<group>"; };
		C0996E0218EC98C900DB1EF8 /* Images.xcassets */ = {isa = PBXFileReference; lastKnownFileType = folder.assetcatalog; path = Images.xcassets; sourceTree = "<group>"; };
		C0CBD6C718FF10F7007300CB /* QuartzCore.framework */ = {isa = PBXFileReference; lastKnownFileType = wrapper.framework; name = QuartzCore.framework; path = System/Library/Frameworks/QuartzCore.framework; sourceTree = SDKROOT; };
/* End PBXFileReference section */

/* Begin PBXFrameworksBuildPhase section */
		C01677D218C11AE900C2E191 /* Frameworks */ = {
			isa = PBXFrameworksBuildPhase;
			buildActionMask = 2147483647;
			files = (
				C0CBD6C818FF10F7007300CB /* QuartzCore.framework in Frameworks */,
				C01677DB18C11AE900C2E191 /* CoreGraphics.framework in Frameworks */,
				C01677DD18C11AE900C2E191 /* UIKit.framework in Frameworks */,
				C01677D918C11AE900C2E191 /* Foundation.framework in Frameworks */,
			);
			runOnlyForDeploymentPostprocessing = 0;
		};
		C01677F318C11AE900C2E191 /* Frameworks */ = {
			isa = PBXFrameworksBuildPhase;
			buildActionMask = 2147483647;
			files = (
				C01677F818C11AE900C2E191 /* XCTest.framework in Frameworks */,
				C01677FA18C11AE900C2E191 /* UIKit.framework in Frameworks */,
				C01677F918C11AE900C2E191 /* Foundation.framework in Frameworks */,
			);
			runOnlyForDeploymentPostprocessing = 0;
		};
/* End PBXFrameworksBuildPhase section */

/* Begin PBXGroup section */
		C01677CC18C11AE900C2E191 = {
			isa = PBXGroup;
			children = (
				C01677DE18C11AE900C2E191 /* Test1b */,
				C01677FD18C11AE900C2E191 /* Test1bTests */,
				C01677D718C11AE900C2E191 /* Frameworks */,
				C01677D618C11AE900C2E191 /* Products */,
			);
			sourceTree = "<group>";
		};
		C01677D618C11AE900C2E191 /* Products */ = {
			isa = PBXGroup;
			children = (
				C01677D518C11AE900C2E191 /* Test1b.app */,
				C01677F618C11AE900C2E191 /* Test1bTests.xctest */,
			);
			name = Products;
			sourceTree = "<group>";
		};
		C01677D718C11AE900C2E191 /* Frameworks */ = {
			isa = PBXGroup;
			children = (
				C0CBD6C718FF10F7007300CB /* QuartzCore.framework */,
				C01677D818C11AE900C2E191 /* Foundation.framework */,
				C01677DA18C11AE900C2E191 /* CoreGraphics.framework */,
				C01677DC18C11AE900C2E191 /* UIKit.framework */,
				C01677F718C11AE900C2E191 /* XCTest.framework */,
			);
			name = Frameworks;
			sourceTree = "<group>";
		};
		C01677DE18C11AE900C2E191 /* Test1b */ = {
			isa = PBXGroup;
			children = (
				C01677E718C11AE900C2E191 /* AppDelegate.h */,
				C01677E818C11AE900C2E191 /* AppDelegate.m */,
				C01677EA18C11AE900C2E191 /* Main.storyboard */,
				C016781E18C13C5A00C2E191 /* backGround.png */,
				C016782018C13CA200C2E191 /* CardMatchingGame.h */,
				C016782118C13CA200C2E191 /* CardMatchingGame.m */,
				C016781C18C1359F00C2E191 /* morback.png */,
				C016781018C11D0200C2E191 /* Card.h */,
				C016781118C11D0200C2E191 /* Card.m */,
				C016781218C11D0200C2E191 /* Deck.h */,
				C016781318C11D0200C2E191 /* Deck.m */,
				C016781418C11D0200C2E191 /* PlayingCard.h */,
				C016781518C11D0200C2E191 /* PlayingCard.m */,
				C016781618C11D0200C2E191 /* PlayingCardDeck.h */,
				C016781718C11D0200C2E191 /* PlayingCardDeck.m */,
				C01677ED18C11AE900C2E191 /* ViewController.h */,
				C01677EE18C11AE900C2E191 /* ViewController.m */,
				C0996E0218EC98C900DB1EF8 /* Images.xcassets */,
				C01677DF18C11AE900C2E191 /* Supporting Files */,
			);
			path = Test1b;
			sourceTree = "<group>";
		};
		C01677DF18C11AE900C2E191 /* Supporting Files */ = {
			isa = PBXGroup;
			children = (
				C01677E018C11AE900C2E191 /* Test1b-Info.plist */,
				C01677E118C11AE900C2E191 /* InfoPlist.strings */,
				C01677E418C11AE900C2E191 /* main.m */,
				C01677E618C11AE900C2E191 /* Test1b-Prefix.pch */,
			);
			name = "Supporting Files";
			sourceTree = "<group>";
		};
		C01677FD18C11AE900C2E191 /* Test1bTests */ = {
			isa = PBXGroup;
			children = (
				C016780318C11AE900C2E191 /* Test1bTests.m */,
				C01677FE18C11AE900C2E191 /* Supporting Files */,
			);
			path = Test1bTests;
			sourceTree = "<group>";
		};
		C01677FE18C11AE900C2E191 /* Supporting Files */ = {
			isa = PBXGroup;
			children = (
				C01677FF18C11AE900C2E191 /* Test1bTests-Info.plist */,
				C016780018C11AE900C2E191 /* InfoPlist.strings */,
			);
			name = "Supporting Files";
			sourceTree = "<group>";
		};
/* End PBXGroup section */

/* Begin PBXNativeTarget section */
		C01677D418C11AE900C2E191 /* Test1b */ = {
			isa = PBXNativeTarget;
			buildConfigurationList = C016780718C11AE900C2E191 /* Build configuration list for PBXNativeTarget "Test1b" */;
			buildPhases = (
				C01677D118C11AE900C2E191 /* Sources */,
				C01677D218C11AE900C2E191 /* Frameworks */,
				C01677D318C11AE900C2E191 /* Resources */,
			);
			buildRules = (
			);
			dependencies = (
			);
			name = Test1b;
			productName = Test1b;
			productReference = C01677D518C11AE900C2E191 /* Test1b.app */;
			productType = "com.apple.product-type.application";
		};
		C01677F518C11AE900C2E191 /* Test1bTests */ = {
			isa = PBXNativeTarget;
			buildConfigurationList = C016780A18C11AE900C2E191 /* Build configuration list for PBXNativeTarget "Test1bTests" */;
			buildPhases = (
				C01677F218C11AE900C2E191 /* Sources */,
				C01677F318C11AE900C2E191 /* Frameworks */,
				C01677F418C11AE900C2E191 /* Resources */,
			);
			buildRules = (
			);
			dependencies = (
				C01677FC18C11AE900C2E191 /* PBXTargetDependency */,
			);
			name = Test1bTests;
			productName = Test1bTests;
			productReference = C01677F618C11AE900C2E191 /* Test1bTests.xctest */;
			productType = "com.apple.product-type.bundle.unit-test";
		};
/* End PBXNativeTarget section */

/* Begin PBXProject section */
		C01677CD18C11AE900C2E191 /* Project object */ = {
			isa = PBXProject;
			attributes = {
				LastUpgradeCheck = 0510;
				ORGANIZATIONNAME = "Zixuan Huang";
				TargetAttributes = {
					C01677F518C11AE900C2E191 = {
						TestTargetID = C01677D418C11AE900C2E191;
					};
				};
			};
			buildConfigurationList = C01677D018C11AE900C2E191 /* Build configuration list for PBXProject "Test1b" */;
			compatibilityVersion = "Xcode 3.2";
			developmentRegion = English;
			hasScannedForEncodings = 0;
			knownRegions = (
				en,
				Base,
			);
			mainGroup = C01677CC18C11AE900C2E191;
			productRefGroup = C01677D618C11AE900C2E191 /* Products */;
			projectDirPath = "";
			projectRoot = "";
			targets = (
				C01677D418C11AE900C2E191 /* Test1b */,
				C01677F518C11AE900C2E191 /* Test1bTests */,
			);
		};
/* End PBXProject section */

/* Begin PBXResourcesBuildPhase section */
		C01677D318C11AE900C2E191 /* Resources */ = {
			isa = PBXResourcesBuildPhase;
			buildActionMask = 2147483647;
			files = (
				C016781D18C135A000C2E191 /* morback.png in Resources */,
				C0996E0318EC98C900DB1EF8 /* Images.xcassets in Resources */,
				C01677E318C11AE900C2E191 /* InfoPlist.strings in Resources */,
				C016781F18C13C5A00C2E191 /* backGround.png in Resources */,
				C01677EC18C11AE900C2E191 /* Main.storyboard in Resources */,
			);
			runOnlyForDeploymentPostprocessing = 0;
		};
		C01677F418C11AE900C2E191 /* Resources */ = {
			isa = PBXResourcesBuildPhase;
			buildActionMask = 2147483647;
			files = (
				C016780218C11AE900C2E191 /* InfoPlist.strings in Resources */,
			);
			runOnlyForDeploymentPostprocessing = 0;
		};
/* End PBXResourcesBuildPhase section */

/* Begin PBXSourcesBuildPhase section */
		C01677D118C11AE900C2E191 /* Sources */ = {
			isa = PBXSourcesBuildPhase;
			buildActionMask = 2147483647;
			files = (
				C016781A18C11D0200C2E191 /* PlayingCard.m in Sources */,
				C016781918C11D0200C2E191 /* Deck.m in Sources */,
				C01677EF18C11AE900C2E191 /* ViewController.m in Sources */,
				C01677E918C11AE900C2E191 /* AppDelegate.m in Sources */,
				C016782218C13CA200C2E191 /* CardMatchingGame.m in Sources */,
				C016781B18C11D0200C2E191 /* PlayingCardDeck.m in Sources */,
				C01677E518C11AE900C2E191 /* main.m in Sources */,
				C016781818C11D0200C2E191 /* Card.m in Sources */,
			);
			runOnlyForDeploymentPostprocessing = 0;
		};
		C01677F218C11AE900C2E191 /* Sources */ = {
			isa = PBXSourcesBuildPhase;
			buildActionMask = 2147483647;
			files = (
				C016780418C11AE900C2E191 /* Test1bTests.m in Sources */,
			);
			runOnlyForDeploymentPostprocessing = 0;
		};
/* End PBXSourcesBuildPhase section */

/* Begin PBXTargetDependency section */
		C01677FC18C11AE900C2E191 /* PBXTargetDependency */ = {
			isa = PBXTargetDependency;
			target = C01677D418C11AE900C2E191 /* Test1b */;
			targetProxy = C01677FB18C11AE900C2E191 /* PBXContainerItemProxy */;
		};
/* End PBXTargetDependency section */

/* Begin PBXVariantGroup section */
		C01677E118C11AE900C2E191 /* InfoPlist.strings */ = {
			isa = PBXVariantGroup;
			children = (
				C01677E218C11AE900C2E191 /* en */,
			);
			name = InfoPlist.strings;
			sourceTree = "<group>";
		};
		C01677EA18C11AE900C2E191 /* Main.storyboard */ = {
			isa = PBXVariantGroup;
			children = (
				C01677EB18C11AE900C2E191 /* Base */,
			);
			name = Main.storyboard;
			sourceTree = "<group>";
		};
		C016780018C11AE900C2E191 /* InfoPlist.strings */ = {
			isa = PBXVariantGroup;
			children = (
				C016780118C11AE900C2E191 /* en */,
			);
			name = InfoPlist.strings;
			sourceTree = "<group>";
		};
/* End PBXVariantGroup section */

/* Begin XCBuildConfiguration section */
		C016780518C11AE900C2E191 /* Debug */ = {
			isa = XCBuildConfiguration;
			buildSettings = {
				ALWAYS_SEARCH_USER_PATHS = NO;
				CLANG_CXX_LANGUAGE_STANDARD = "gnu++0x";
				CLANG_CXX_LIBRARY = "libc++";
				CLANG_ENABLE_MODULES = YES;
				CLANG_ENABLE_OBJC_ARC = YES;
				CLANG_WARN_BOOL_CONVERSION = YES;
				CLANG_WARN_CONSTANT_CONVERSION = YES;
				CLANG_WARN_DIRECT_OBJC_ISA_USAGE = YES_ERROR;
				CLANG_WARN_EMPTY_BODY = YES;
				CLANG_WARN_ENUM_CONVERSION = YES;
				CLANG_WARN_INT_CONVERSION = YES;
				CLANG_WARN_OBJC_ROOT_CLASS = YES_ERROR;
				CLANG_WARN__DUPLICATE_METHOD_MATCH = YES;
				"CODE_SIGN_IDENTITY[sdk=iphoneos*]" = "iPhone Developer";
				COPY_PHASE_STRIP = NO;
				GCC_C_LANGUAGE_STANDARD = gnu99;
				GCC_DYNAMIC_NO_PIC = NO;
				GCC_OPTIMIZATION_LEVEL = 0;
				GCC_PREPROCESSOR_DEFINITIONS = (
					"DEBUG=1",
					"$(inherited)",
				);
				GCC_SYMBOLS_PRIVATE_EXTERN = NO;
				GCC_WARN_64_TO_32_BIT_CONVERSION = YES;
				GCC_WARN_ABOUT_RETURN_TYPE = YES_ERROR;
				GCC_WARN_UNDECLARED_SELECTOR = YES;
				GCC_WARN_UNINITIALIZED_AUTOS = YES;
				GCC_WARN_UNUSED_FUNCTION = YES;
				GCC_WARN_UNUSED_VARIABLE = YES;
				IPHONEOS_DEPLOYMENT_TARGET = 7.1;
				ONLY_ACTIVE_ARCH = YES;
				SDKROOT = iphoneos;
			};
			name = Debug;
		};
		C016780618C11AE900C2E191 /* Release */ = {
			isa = XCBuildConfiguration;
			buildSettings = {
				ALWAYS_SEARCH_USER_PATHS = NO;
				CLANG_CXX_LANGUAGE_STANDARD = "gnu++0x";
				CLANG_CXX_LIBRARY = "libc++";
				CLANG_ENABLE_MODULES = YES;
				CLANG_ENABLE_OBJC_ARC = YES;
				CLANG_WARN_BOOL_CONVERSION = YES;
				CLANG_WARN_CONSTANT_CONVERSION = YES;
				CLANG_WARN_DIRECT_OBJC_ISA_USAGE = YES_ERROR;
				CLANG_WARN_EMPTY_BODY = YES;
				CLANG_WARN_ENUM_CONVERSION = YES;
				CLANG_WARN_INT_CONVERSION = YES;
				CLANG_WARN_OBJC_ROOT_CLASS = YES_ERROR;
				CLANG_WARN__DUPLICATE_METHOD_MATCH = YES;
				"CODE_SIGN_IDENTITY[sdk=iphoneos*]" = "iPhone Developer";
				COPY_PHASE_STRIP = YES;
				ENABLE_NS_ASSERTIONS = NO;
				GCC_C_LANGUAGE_STANDARD = gnu99;
				GCC_WARN_64_TO_32_BIT_CONVERSION = YES;
				GCC_WARN_ABOUT_RETURN_TYPE = YES_ERROR;
				GCC_WARN_UNDECLARED_SELECTOR = YES;
				GCC_WARN_UNINITIALIZED_AUTOS = YES;
				GCC_WARN_UNUSED_FUNCTION = YES;
				GCC_WARN_UNUSED_VARIABLE = YES;
				IPHONEOS_DEPLOYMENT_TARGET = 7.1;
				SDKROOT = iphoneos;
				VALIDATE_PRODUCT = YES;
			};
			name = Release;
		};
		C016780818C11AE900C2E191 /* Debug */ = {
			isa = XCBuildConfiguration;
			buildSettings = {
				ASSETCATALOG_COMPILER_APPICON_NAME = AppIcon;
				ASSETCATALOG_COMPILER_LAUNCHIMAGE_NAME = LaunchImage;
				GCC_PRECOMPILE_PREFIX_HEADER = YES;
				GCC_PREFIX_HEADER = "Test1b/Test1b-Prefix.pch";
				INFOPLIST_FILE = "Test1b/Test1b-Info.plist";
				PRODUCT_NAME = "$(TARGET_NAME)";
				WRAPPER_EXTENSION = app;
			};
			name = Debug;
		};
		C016780918C11AE900C2E191 /* Release */ = {
			isa = XCBuildConfiguration;
			buildSettings = {
				ASSETCATALOG_COMPILER_APPICON_NAME = AppIcon;
				ASSETCATALOG_COMPILER_LAUNCHIMAGE_NAME = LaunchImage;
				GCC_PRECOMPILE_PREFIX_HEADER = YES;
				GCC_PREFIX_HEADER = "Test1b/Test1b-Prefix.pch";
				INFOPLIST_FILE = "Test1b/Test1b-Info.plist";
				PRODUCT_NAME = "$(TARGET_NAME)";
				WRAPPER_EXTENSION = app;
			};
			name = Release;
		};
		C016780B18C11AE900C2E191 /* Debug */ = {
			isa = XCBuildConfiguration;
			buildSettings = {
				BUNDLE_LOADER = "$(BUILT_PRODUCTS_DIR)/Test1b.app/Test1b";
				FRAMEWORK_SEARCH_PATHS = (
					"$(SDKROOT)/Developer/Library/Frameworks",
					"$(inherited)",
					"$(DEVELOPER_FRAMEWORKS_DIR)",
				);
				GCC_PRECOMPILE_PREFIX_HEADER = YES;
				GCC_PREFIX_HEADER = "Test1b/Test1b-Prefix.pch";
				GCC_PREPROCESSOR_DEFINITIONS = (
					"DEBUG=1",
					"$(inherited)",
				);
				INFOPLIST_FILE = "Test1bTests/Test1bTests-Info.plist";
				PRODUCT_NAME = "$(TARGET_NAME)";
				TEST_HOST = "$(BUNDLE_LOADER)";
				WRAPPER_EXTENSION = xctest;
			};
			name = Debug;
		};
		C016780C18C11AE900C2E191 /* Release */ = {
			isa = XCBuildConfiguration;
			buildSettings = {
				BUNDLE_LOADER = "$(BUILT_PRODUCTS_DIR)/Test1b.app/Test1b";
				FRAMEWORK_SEARCH_PATHS = (
					"$(SDKROOT)/Developer/Library/Frameworks",
					"$(inherited)",
					"$(DEVELOPER_FRAMEWORKS_DIR)",
				);
				GCC_PRECOMPILE_PREFIX_HEADER = YES;
				GCC_PREFIX_HEADER = "Test1b/Test1b-Prefix.pch";
				INFOPLIST_FILE = "Test1bTests/Test1bTests-Info.plist";
				PRODUCT_NAME = "$(TARGET_NAME)";
				TEST_HOST = "$(BUNDLE_LOADER)";
				WRAPPER_EXTENSION = xctest;
			};
			name = Release;
		};
/* End XCBuildConfiguration section */

/* Begin XCConfigurationList section */
		C01677D018C11AE900C2E191 /* Build configuration list for PBXProject "Test1b" */ = {
			isa = XCConfigurationList;
			buildConfigurations = (
				C016780518C11AE900C2E191 /* Debug */,
				C016780618C11AE900C2E191 /* Release */,
			);
			defaultConfigurationIsVisible = 0;
			defaultConfigurationName = Release;
		};
		C016780718C11AE900C2E191 /* Build configuration list for PBXNativeTarget "Test1b" */ = {
			isa = XCConfigurationList;
			buildConfigurations = (
				C016780818C11AE900C2E191 /* Debug */,
				C016780918C11AE900C2E191 /* Release */,
			);
			defaultConfigurationIsVisible = 0;
			defaultConfigurationName = Release;
		};
		C016780A18C11AE900C2E191 /* Build configuration list for PBXNativeTarget "Test1bTests" */ = {
			isa = XCConfigurationList;
			buildConfigurations = (
				C016780B18C11AE900C2E191 /* Debug */,
				C016780C18C11AE900C2E191 /* Release */,
			);
			defaultConfigurationIsVisible = 0;
			defaultConfigurationName = Release;
		};
/* End XCConfigurationList section */
	};
	rootObject = C01677CD18C11AE900C2E191 /* Project object */;
}
